{
  "version": 4,
  "terraform_version": "1.0.6",
  "serial": 2,
  "lineage": "8be0a341-3d22-4dfd-82bf-f6b1ee408525",
  "outputs": {
    "webserver_ip": {
      "value": "34.79.197.174",
      "type": "string"
    }
  },
  "resources": [
    {
      "mode": "data",
      "type": "google_compute_image",
      "name": "ubuntu",
      "provider": "provider[\"registry.terraform.io/hashicorp/google\"]",
      "instances": [
        {
          "schema_version": 0,
          "attributes": {
            "archive_size_bytes": 2307961152,
            "creation_timestamp": "2021-08-26T10:08:47.602-07:00",
            "description": "Canonical, Ubuntu, 18.04 LTS, amd64 bionic image built on 2021-08-25, supports Shielded VM features",
            "disk_size_gb": 10,
            "family": "ubuntu-1804-lts",
            "id": "ubuntu-os-cloud/family/ubuntu-1804-lts",
            "image_encryption_key_sha256": "",
            "image_id": "8933623921258427504",
            "label_fingerprint": "42WmSpB8rSM=",
            "labels": {},
            "licenses": [
              "https://www.googleapis.com/compute/v1/projects/ubuntu-os-cloud/global/licenses/ubuntu-1804-lts"
            ],
            "name": "ubuntu-1804-bionic-v20210825",
            "project": "ubuntu-os-cloud",
            "self_link": "https://www.googleapis.com/compute/v1/projects/ubuntu-os-cloud/global/images/ubuntu-1804-bionic-v20210825",
            "source_disk": "",
            "source_disk_encryption_key_sha256": "",
            "source_disk_id": "",
            "source_image_id": "",
            "status": "READY"
          },
          "sensitive_attributes": []
        }
      ]
    },
    {
      "mode": "data",
      "type": "template_file",
      "name": "nginx",
      "provider": "provider[\"registry.terraform.io/hashicorp/template\"]",
      "instances": [
        {
          "schema_version": 0,
          "attributes": {
            "filename": null,
            "id": "b6c01334f692652d851977e4cb19fe9278f86d317e102686ad5ae86dbb796336",
            "rendered": "#!/bin/bash\nset -e\necho \"*****    Installing Nginx    *****\"\napt update\napt install -y nginx\nufw allow 'Nginx HTTP'\nsystemctl enable nginx\nsystemctl restart nginx\n\necho \"*****   Installation Completed!!   *****\"\ngit clone https://github.com/vistasunil/devopsIQ.git\ncp -R devopsIQ/devopsIQ/* /var/www/html/\n#echo \"Welcome to Google Compute VM Instance deployed using Terraform!!!\" \u003e /var/www/html/index.html\n\n",
            "template": "#!/bin/bash\nset -e\necho \"*****    Installing Nginx    *****\"\napt update\napt install -y nginx\nufw allow '${ufw_allow_nginx}'\nsystemctl enable nginx\nsystemctl restart nginx\n\necho \"*****   Installation Completed!!   *****\"\ngit clone https://github.com/vistasunil/devopsIQ.git\ncp -R devopsIQ/devopsIQ/* /var/www/html/\n#echo \"Welcome to Google Compute VM Instance deployed using Terraform!!!\" \u003e /var/www/html/index.html\n\n",
            "vars": {
              "ufw_allow_nginx": "Nginx HTTP"
            }
          },
          "sensitive_attributes": []
        }
      ]
    },
    {
      "mode": "managed",
      "type": "google_compute_instance",
      "name": "webserver",
      "provider": "provider[\"registry.terraform.io/hashicorp/google\"]",
      "instances": [
        {
          "schema_version": 6,
          "attributes": {
            "allow_stopping_for_update": null,
            "attached_disk": [],
            "boot_disk": [
              {
                "auto_delete": true,
                "device_name": "persistent-disk-0",
                "disk_encryption_key_raw": "",
                "disk_encryption_key_sha256": "",
                "initialize_params": [
                  {
                    "image": "https://www.googleapis.com/compute/v1/projects/ubuntu-os-cloud/global/images/ubuntu-1804-bionic-v20210825",
                    "labels": {},
                    "size": 10,
                    "type": "pd-standard"
                  }
                ],
                "kms_key_self_link": "",
                "mode": "READ_WRITE",
                "source": "https://www.googleapis.com/compute/v1/projects/poised-honor-322203/zones/europe-west1-b/disks/my-webserver"
              }
            ],
            "can_ip_forward": false,
            "cpu_platform": "Intel Haswell",
            "deletion_protection": false,
            "description": "",
            "enable_display": false,
            "guest_accelerator": [],
            "hostname": "",
            "id": "projects/poised-honor-322203/zones/europe-west1-b/instances/my-webserver",
            "instance_id": "2532023613802455032",
            "label_fingerprint": "k3pYoTAUZq4=",
            "labels": {
              "application": "webserver",
              "environment": "test",
              "team": "devops"
            },
            "machine_type": "f1-micro",
            "metadata": null,
            "metadata_fingerprint": "NJKJk8Aw2hs=",
            "metadata_startup_script": "#!/bin/bash\nset -e\necho \"*****    Installing Nginx    *****\"\napt update\napt install -y nginx\nufw allow 'Nginx HTTP'\nsystemctl enable nginx\nsystemctl restart nginx\n\necho \"*****   Installation Completed!!   *****\"\ngit clone https://github.com/vistasunil/devopsIQ.git\ncp -R devopsIQ/devopsIQ/* /var/www/html/\n#echo \"Welcome to Google Compute VM Instance deployed using Terraform!!!\" \u003e /var/www/html/index.html\n\n",
            "min_cpu_platform": "",
            "name": "my-webserver",
            "network_interface": [
              {
                "access_config": [
                  {
                    "nat_ip": "34.79.197.174",
                    "network_tier": "PREMIUM",
                    "public_ptr_domain_name": ""
                  }
                ],
                "alias_ip_range": [],
                "name": "nic0",
                "network": "https://www.googleapis.com/compute/v1/projects/poised-honor-322203/global/networks/default",
                "network_ip": "10.132.0.5",
                "subnetwork": "https://www.googleapis.com/compute/v1/projects/poised-honor-322203/regions/europe-west1/subnetworks/default",
                "subnetwork_project": "poised-honor-322203"
              }
            ],
            "project": "poised-honor-322203",
            "scheduling": [
              {
                "automatic_restart": true,
                "node_affinities": [],
                "on_host_maintenance": "MIGRATE",
                "preemptible": false
              }
            ],
            "scratch_disk": [],
            "self_link": "https://www.googleapis.com/compute/v1/projects/poised-honor-322203/zones/europe-west1-b/instances/my-webserver",
            "service_account": [],
            "shielded_instance_config": [
              {
                "enable_integrity_monitoring": true,
                "enable_secure_boot": false,
                "enable_vtpm": true
              }
            ],
            "tags": [
              "http-server"
            ],
            "tags_fingerprint": "FYLDgkTKlA4=",
            "timeouts": null,
            "zone": "europe-west1-b"
          },
          "sensitive_attributes": [],
          "private": "eyJlMmJmYjczMC1lY2FhLTExZTYtOGY4OC0zNDM2M2JjN2M0YzAiOnsiY3JlYXRlIjoxMjAwMDAwMDAwMDAwLCJkZWxldGUiOjEyMDAwMDAwMDAwMDAsInVwZGF0ZSI6MTIwMDAwMDAwMDAwMH0sInNjaGVtYV92ZXJzaW9uIjoiNiJ9",
          "dependencies": [
            "data.google_compute_image.ubuntu",
            "data.template_file.nginx"
          ]
        }
      ]
    }
  ]
}
